// !$*UTF8*$!
{
	archiveVersion = 1;
	classes = {
	};
	objectVersion = 47;
	objects = {

/* Begin PBXBuildFile section */
		607FACD61AFB9204008FA782 /* AppDelegate.swift in Sources */ = {isa = PBXBuildFile; fileRef = 607FACD51AFB9204008FA782 /* AppDelegate.swift */; };
		607FACD81AFB9204008FA782 /* ViewController.swift in Sources */ = {isa = PBXBuildFile; fileRef = 607FACD71AFB9204008FA782 /* ViewController.swift */; };
		607FACDB1AFB9204008FA782 /* Main.storyboard in Resources */ = {isa = PBXBuildFile; fileRef = 607FACD91AFB9204008FA782 /* Main.storyboard */; };
		607FACDD1AFB9204008FA782 /* Images.xcassets in Resources */ = {isa = PBXBuildFile; fileRef = 607FACDC1AFB9204008FA782 /* Images.xcassets */; };
		607FACE01AFB9204008FA782 /* LaunchScreen.xib in Resources */ = {isa = PBXBuildFile; fileRef = 607FACDE1AFB9204008FA782 /* LaunchScreen.xib */; };
		614D2EE31C8C8A9A00A856CD /* sample.pdf in Resources */ = {isa = PBXBuildFile; fileRef = 614D2EE21C8C8A9A00A856CD /* sample.pdf */; };
		616B61061CF7395100B743A7 /* sample2.pdf in Resources */ = {isa = PBXBuildFile; fileRef = 616B61051CF7395100B743A7 /* sample2.pdf */; };
		61CBF9411D86EB7F00282554 /* sample3.pdf in Resources */ = {isa = PBXBuildFile; fileRef = 61CBF9401D86EB7F00282554 /* sample3.pdf */; };
		61D3B3771CDE9C1600E7C3A6 /* ExampleViewController.swift in Sources */ = {isa = PBXBuildFile; fileRef = 61D3B3761CDE9C1600E7C3A6 /* ExampleViewController.swift */; };
		6A0ED76221AD7B7F003B79D8 /* PDFViewController.swift in Sources */ = {isa = PBXBuildFile; fileRef = 6A0ED72A21AD7B7E003B79D8 /* PDFViewController.swift */; };
		6A0ED76321AD7B7F003B79D8 /* PDFRenderer.swift in Sources */ = {isa = PBXBuildFile; fileRef = 6A0ED72B21AD7B7E003B79D8 /* PDFRenderer.swift */; };
		6A0ED76421AD7B7F003B79D8 /* PDFSinglePageViewer.swift in Sources */ = {isa = PBXBuildFile; fileRef = 6A0ED72C21AD7B7E003B79D8 /* PDFSinglePageViewer.swift */; };
		6A0ED76521AD7B7F003B79D8 /* PDFPageTileLayer.swift in Sources */ = {isa = PBXBuildFile; fileRef = 6A0ED72D21AD7B7E003B79D8 /* PDFPageTileLayer.swift */; };
		6A0ED76621AD7B7F003B79D8 /* PDFSinglePageCell.swift in Sources */ = {isa = PBXBuildFile; fileRef = 6A0ED72E21AD7B7E003B79D8 /* PDFSinglePageCell.swift */; };
		6A0ED76721AD7B7F003B79D8 /* PDFPageScrubberThumb.swift in Sources */ = {isa = PBXBuildFile; fileRef = 6A0ED72F21AD7B7E003B79D8 /* PDFPageScrubberThumb.swift */; };
		6A0ED76821AD7B7F003B79D8 /* PDFDocument.swift in Sources */ = {isa = PBXBuildFile; fileRef = 6A0ED73021AD7B7E003B79D8 /* PDFDocument.swift */; };
		6A0ED76921AD7B7F003B79D8 /* PDFPageContent.swift in Sources */ = {isa = PBXBuildFile; fileRef = 6A0ED73121AD7B7E003B79D8 /* PDFPageContent.swift */; };
		6A0ED76A21AD7B7F003B79D8 /* PDFPageScrubber.swift in Sources */ = {isa = PBXBuildFile; fileRef = 6A0ED73221AD7B7E003B79D8 /* PDFPageScrubber.swift */; };
		6A0ED76B21AD7B7F003B79D8 /* PDFPageScrubberTrackControl.swift in Sources */ = {isa = PBXBuildFile; fileRef = 6A0ED73321AD7B7E003B79D8 /* PDFPageScrubberTrackControl.swift */; };
		6A0ED76C21AD7B7F003B79D8 /* PDFThumbnailViewController.swift in Sources */ = {isa = PBXBuildFile; fileRef = 6A0ED73421AD7B7E003B79D8 /* PDFThumbnailViewController.swift */; };
		6A0ED76D21AD7B7F003B79D8 /* PDFDocumentLink.swift in Sources */ = {isa = PBXBuildFile; fileRef = 6A0ED73521AD7B7E003B79D8 /* PDFDocumentLink.swift */; };
		6A0ED76E21AD7B7F003B79D8 /* CGPDFDocument.swift in Sources */ = {isa = PBXBuildFile; fileRef = 6A0ED73621AD7B7E003B79D8 /* CGPDFDocument.swift */; };
		6A0ED76F21AD7B7F003B79D8 /* PDFThumbnailView.swift in Sources */ = {isa = PBXBuildFile; fileRef = 6A0ED73721AD7B7E003B79D8 /* PDFThumbnailView.swift */; };
		6A0ED77021AD7B7F003B79D8 /* PDFSnapshotCache.swift in Sources */ = {isa = PBXBuildFile; fileRef = 6A0ED73821AD7B7E003B79D8 /* PDFSnapshotCache.swift */; };
		6A0ED77121AD7B7F003B79D8 /* PDFPageContentView.swift in Sources */ = {isa = PBXBuildFile; fileRef = 6A0ED73921AD7B7E003B79D8 /* PDFPageContentView.swift */; };
		6A0ED77221AD7B7F003B79D8 /* PDFThumbnailViewCell.swift in Sources */ = {isa = PBXBuildFile; fileRef = 6A0ED73A21AD7B7E003B79D8 /* PDFThumbnailViewCell.swift */; };
		6A0ED77321AD7B7F003B79D8 /* PDFArray.swift in Sources */ = {isa = PBXBuildFile; fileRef = 6A0ED73C21AD7B7E003B79D8 /* PDFArray.swift */; };
		6A0ED77421AD7B7F003B79D8 /* PDFDictionary.swift in Sources */ = {isa = PBXBuildFile; fileRef = 6A0ED73D21AD7B7E003B79D8 /* PDFDictionary.swift */; };
		6A0ED77521AD7B7F003B79D8 /* PDFFormButtonField.swift in Sources */ = {isa = PBXBuildFile; fileRef = 6A0ED73E21AD7B7E003B79D8 /* PDFFormButtonField.swift */; };
		6A0ED77621AD7B7F003B79D8 /* PDFFormSignatureField.swift in Sources */ = {isa = PBXBuildFile; fileRef = 6A0ED73F21AD7B7E003B79D8 /* PDFFormSignatureField.swift */; };
		6A0ED77721AD7B7F003B79D8 /* PDFFormField.swift in Sources */ = {isa = PBXBuildFile; fileRef = 6A0ED74021AD7B7E003B79D8 /* PDFFormField.swift */; };
		6A0ED77821AD7B7F003B79D8 /* PDFToggleButton.swift in Sources */ = {isa = PBXBuildFile; fileRef = 6A0ED74121AD7B7E003B79D8 /* PDFToggleButton.swift */; };
		6A0ED77921AD7B7F003B79D8 /* PDFObjectParser.swift in Sources */ = {isa = PBXBuildFile; fileRef = 6A0ED74221AD7B7E003B79D8 /* PDFObjectParser.swift */; };
		6A0ED77A21AD7B7F003B79D8 /* PDFFormTextField.swift in Sources */ = {isa = PBXBuildFile; fileRef = 6A0ED74321AD7B7E003B79D8 /* PDFFormTextField.swift */; };
		6A0ED77B21AD7B7F003B79D8 /* PDFFormViewController.swift in Sources */ = {isa = PBXBuildFile; fileRef = 6A0ED74421AD7B7E003B79D8 /* PDFFormViewController.swift */; };
		6A0ED77C21AD7B7F003B79D8 /* PDFFormPageView.swift in Sources */ = {isa = PBXBuildFile; fileRef = 6A0ED74521AD7B7E003B79D8 /* PDFFormPageView.swift */; };
		6A0ED77E21AD7B7F003B79D8 /* UIColor.swift in Sources */ = {isa = PBXBuildFile; fileRef = 6A0ED74821AD7B7E003B79D8 /* UIColor.swift */; };
		6A0ED77F21AD7B7F003B79D8 /* CGPoint.swift in Sources */ = {isa = PBXBuildFile; fileRef = 6A0ED74921AD7B7E003B79D8 /* CGPoint.swift */; };
		6A0ED78021AD7B7F003B79D8 /* UIImage.swift in Sources */ = {isa = PBXBuildFile; fileRef = 6A0ED74A21AD7B7E003B79D8 /* UIImage.swift */; };
		6A0ED78121AD7B7F003B79D8 /* UIViewController.swift in Sources */ = {isa = PBXBuildFile; fileRef = 6A0ED74B21AD7B7E003B79D8 /* UIViewController.swift */; };
		6A0ED78221AD7B7F003B79D8 /* CGRect.swift in Sources */ = {isa = PBXBuildFile; fileRef = 6A0ED74C21AD7B7E003B79D8 /* CGRect.swift */; };
		6A0ED78321AD7B7F003B79D8 /* PDFAnnotationController.swift in Sources */ = {isa = PBXBuildFile; fileRef = 6A0ED74E21AD7B7E003B79D8 /* PDFAnnotationController.swift */; };
		6A0ED78421AD7B7F003B79D8 /* PDFAnnotationStore.swift in Sources */ = {isa = PBXBuildFile; fileRef = 6A0ED74F21AD7B7E003B79D8 /* PDFAnnotationStore.swift */; };
		6A0ED78521AD7B7F003B79D8 /* PDFAnnotation.swift in Sources */ = {isa = PBXBuildFile; fileRef = 6A0ED75021AD7B7E003B79D8 /* PDFAnnotation.swift */; };
		6A0ED78621AD7B7F003B79D8 /* PDFPathAnnotation.swift in Sources */ = {isa = PBXBuildFile; fileRef = 6A0ED75121AD7B7E003B79D8 /* PDFPathAnnotation.swift */; };
		6A0ED78721AD7B7F003B79D8 /* PDFTextAnnotation.swift in Sources */ = {isa = PBXBuildFile; fileRef = 6A0ED75221AD7B7E003B79D8 /* PDFTextAnnotation.swift */; };
		6A0ED78821AD7B7F003B79D8 /* ReaderPageTiledView.swift in Sources */ = {isa = PBXBuildFile; fileRef = 6A0ED75421AD7B7E003B79D8 /* ReaderPageTiledView.swift */; };
		6A0ED78921AD7B7F003B79D8 /* ReaderTiledLayer.swift in Sources */ = {isa = PBXBuildFile; fileRef = 6A0ED75521AD7B7E003B79D8 /* ReaderTiledLayer.swift */; };
		6A0ED78A21AD7B7F003B79D8 /* PDFActionGoTo.swift in Sources */ = {isa = PBXBuildFile; fileRef = 6A0ED75721AD7B7E003B79D8 /* PDFActionGoTo.swift */; };
		6A0ED78B21AD7B7F003B79D8 /* PDFAction.swift in Sources */ = {isa = PBXBuildFile; fileRef = 6A0ED75821AD7B7E003B79D8 /* PDFAction.swift */; };
		6A0ED78C21AD7B7F003B79D8 /* PDFActionURL.swift in Sources */ = {isa = PBXBuildFile; fileRef = 6A0ED75921AD7B7E003B79D8 /* PDFActionURL.swift */; };
		6A0ED78D21AD7B7F003B79D8 /* ResizeableView.swift in Sources */ = {isa = PBXBuildFile; fileRef = 6A0ED75B21AD7B7E003B79D8 /* ResizeableView.swift */; };
		6A0ED78E21AD7B7F003B79D8 /* PDFBarButton.swift in Sources */ = {isa = PBXBuildFile; fileRef = 6A0ED75C21AD7B7E003B79D8 /* PDFBarButton.swift */; };
		6A0ED78F21AD7B7F003B79D8 /* PDFTextParser.swift in Sources */ = {isa = PBXBuildFile; fileRef = 6A0ED75E21AD7B7E003B79D8 /* PDFTextParser.swift */; };
		6A0ED79121AD7B7F003B79D8 /* Images.xcassets in Resources */ = {isa = PBXBuildFile; fileRef = 6A0ED76121AD7B7E003B79D8 /* Images.xcassets */; };
		6A139CDA21A7AEB3002D002A /* Systems Engineering - EAA - Patterns of Enterprise Application Architecture - Addison Wesley.pdf in Resources */ = {isa = PBXBuildFile; fileRef = 6A139CD921A7AEB3002D002A /* Systems Engineering - EAA - Patterns of Enterprise Application Architecture - Addison Wesley.pdf */; };
		6A20CF4721B11DD200AF5F10 /* testA.pdf in Resources */ = {isa = PBXBuildFile; fileRef = 6A20CF4621B11DD200AF5F10 /* testA.pdf */; };
		6A20CF4921B134C800AF5F10 /* AcrobatReaderWelcome.pdf in Resources */ = {isa = PBXBuildFile; fileRef = 6A20CF4821B134C800AF5F10 /* AcrobatReaderWelcome.pdf */; };
		6A43292621900D47003C1A09 /* xmidnCompare-protected.pdf in Resources */ = {isa = PBXBuildFile; fileRef = 6A43292521900D47003C1A09 /* xmidnCompare-protected.pdf */; };
		6A8F85FB21A5305500A1C51E /* Reader.pdf in Resources */ = {isa = PBXBuildFile; fileRef = 6A8F85FA21A5305500A1C51E /* Reader.pdf */; };
		6A91CF8D21AFBAC7002E2B94 /* ReaderDocumentOutline.swift in Sources */ = {isa = PBXBuildFile; fileRef = 6A91CF8C21AFBAC7002E2B94 /* ReaderDocumentOutline.swift */; };
		6A91CF9121AFC047002E2B94 /* ReaderDocumentOutlineItem.swift in Sources */ = {isa = PBXBuildFile; fileRef = 6A91CF9021AFC047002E2B94 /* ReaderDocumentOutlineItem.swift */; };
		6A966A3121B5264E00B2753A /* ReaderPDFAnnotationViewController.swift in Sources */ = {isa = PBXBuildFile; fileRef = 6A966A3021B5264E00B2753A /* ReaderPDFAnnotationViewController.swift */; };
		6AA3F7BD21AE30E500E63E8A /* ReaderWatermark.swift in Sources */ = {isa = PBXBuildFile; fileRef = 6AA3F7BC21AE30E500E63E8A /* ReaderWatermark.swift */; };
		6AA3F7C621AE8D1500E63E8A /* LogManager.swift in Sources */ = {isa = PBXBuildFile; fileRef = 6AA3F7C521AE8D1500E63E8A /* LogManager.swift */; };
		6AF8DD5F21B00C5100EDCC38 /* StringExtensions.swift in Sources */ = {isa = PBXBuildFile; fileRef = 6AF8DD5E21B00C5100EDCC38 /* StringExtensions.swift */; };
		6AF8DD7021B0E11900EDCC38 /* pdf_reference_1-7.pdf in Resources */ = {isa = PBXBuildFile; fileRef = 6AF8DD6F21B0E11900EDCC38 /* pdf_reference_1-7.pdf */; };
		6AFC63F021B4E1B000F60E3D /* ReaderPDFAnnotation.swift in Sources */ = {isa = PBXBuildFile; fileRef = 6AFC63EF21B4E1B000F60E3D /* ReaderPDFAnnotation.swift */; };
		6AFC63F221B4E34000F60E3D /* ReaderPDFBorder.swift in Sources */ = {isa = PBXBuildFile; fileRef = 6AFC63F121B4E34000F60E3D /* ReaderPDFBorder.swift */; };
		6AFC63F421B4E38C00F60E3D /* ReaderPDFAction.swift in Sources */ = {isa = PBXBuildFile; fileRef = 6AFC63F321B4E38C00F60E3D /* ReaderPDFAction.swift */; };
		BB855359DE8AC1D5D8FF299B /* Pods_UXMPDFKit_Example.framework in Frameworks */ = {isa = PBXBuildFile; fileRef = 61104B3ED29162AD95CD13DC /* Pods_UXMPDFKit_Example.framework */; };
/* End PBXBuildFile section */

/* Begin PBXFileReference section */
		607FACD01AFB9204008FA782 /* UXMPDFKit_Example.app */ = {isa = PBXFileReference; explicitFileType = wrapper.application; includeInIndex = 0; path = UXMPDFKit_Example.app; sourceTree = BUILT_PRODUCTS_DIR; };
		607FACD41AFB9204008FA782 /* Info.plist */ = {isa = PBXFileReference; lastKnownFileType = text.plist.xml; path = Info.plist; sourceTree = "<group>"; };
		607FACD51AFB9204008FA782 /* AppDelegate.swift */ = {isa = PBXFileReference; lastKnownFileType = sourcecode.swift; path = AppDelegate.swift; sourceTree = "<group>"; };
		607FACD71AFB9204008FA782 /* ViewController.swift */ = {isa = PBXFileReference; lastKnownFileType = sourcecode.swift; path = ViewController.swift; sourceTree = "<group>"; };
		607FACDA1AFB9204008FA782 /* Base */ = {isa = PBXFileReference; lastKnownFileType = file.storyboard; name = Base; path = Base.lproj/Main.storyboard; sourceTree = "<group>"; };
		607FACDC1AFB9204008FA782 /* Images.xcassets */ = {isa = PBXFileReference; lastKnownFileType = folder.assetcatalog; path = Images.xcassets; sourceTree = "<group>"; };
		607FACDF1AFB9204008FA782 /* Base */ = {isa = PBXFileReference; lastKnownFileType = file.xib; name = Base; path = Base.lproj/LaunchScreen.xib; sourceTree = "<group>"; };
		61104B3ED29162AD95CD13DC /* Pods_UXMPDFKit_Example.framework */ = {isa = PBXFileReference; explicitFileType = wrapper.framework; includeInIndex = 0; path = Pods_UXMPDFKit_Example.framework; sourceTree = BUILT_PRODUCTS_DIR; };
		614D2EE21C8C8A9A00A856CD /* sample.pdf */ = {isa = PBXFileReference; lastKnownFileType = image.pdf; path = sample.pdf; sourceTree = "<group>"; };
		616B61051CF7395100B743A7 /* sample2.pdf */ = {isa = PBXFileReference; lastKnownFileType = image.pdf; path = sample2.pdf; sourceTree = "<group>"; };
		61CBF9401D86EB7F00282554 /* sample3.pdf */ = {isa = PBXFileReference; lastKnownFileType = image.pdf; path = sample3.pdf; sourceTree = "<group>"; };
		61D3B3761CDE9C1600E7C3A6 /* ExampleViewController.swift */ = {isa = PBXFileReference; fileEncoding = 4; lastKnownFileType = sourcecode.swift; path = ExampleViewController.swift; sourceTree = "<group>"; };
		6A0ED72A21AD7B7E003B79D8 /* PDFViewController.swift */ = {isa = PBXFileReference; fileEncoding = 4; lastKnownFileType = sourcecode.swift; path = PDFViewController.swift; sourceTree = "<group>"; };
		6A0ED72B21AD7B7E003B79D8 /* PDFRenderer.swift */ = {isa = PBXFileReference; fileEncoding = 4; lastKnownFileType = sourcecode.swift; path = PDFRenderer.swift; sourceTree = "<group>"; };
		6A0ED72C21AD7B7E003B79D8 /* PDFSinglePageViewer.swift */ = {isa = PBXFileReference; fileEncoding = 4; lastKnownFileType = sourcecode.swift; path = PDFSinglePageViewer.swift; sourceTree = "<group>"; };
		6A0ED72D21AD7B7E003B79D8 /* PDFPageTileLayer.swift */ = {isa = PBXFileReference; fileEncoding = 4; lastKnownFileType = sourcecode.swift; path = PDFPageTileLayer.swift; sourceTree = "<group>"; };
		6A0ED72E21AD7B7E003B79D8 /* PDFSinglePageCell.swift */ = {isa = PBXFileReference; fileEncoding = 4; lastKnownFileType = sourcecode.swift; path = PDFSinglePageCell.swift; sourceTree = "<group>"; };
		6A0ED72F21AD7B7E003B79D8 /* PDFPageScrubberThumb.swift */ = {isa = PBXFileReference; fileEncoding = 4; lastKnownFileType = sourcecode.swift; path = PDFPageScrubberThumb.swift; sourceTree = "<group>"; };
		6A0ED73021AD7B7E003B79D8 /* PDFDocument.swift */ = {isa = PBXFileReference; fileEncoding = 4; lastKnownFileType = sourcecode.swift; path = PDFDocument.swift; sourceTree = "<group>"; };
		6A0ED73121AD7B7E003B79D8 /* PDFPageContent.swift */ = {isa = PBXFileReference; fileEncoding = 4; lastKnownFileType = sourcecode.swift; path = PDFPageContent.swift; sourceTree = "<group>"; };
		6A0ED73221AD7B7E003B79D8 /* PDFPageScrubber.swift */ = {isa = PBXFileReference; fileEncoding = 4; lastKnownFileType = sourcecode.swift; path = PDFPageScrubber.swift; sourceTree = "<group>"; };
		6A0ED73321AD7B7E003B79D8 /* PDFPageScrubberTrackControl.swift */ = {isa = PBXFileReference; fileEncoding = 4; lastKnownFileType = sourcecode.swift; path = PDFPageScrubberTrackControl.swift; sourceTree = "<group>"; };
		6A0ED73421AD7B7E003B79D8 /* PDFThumbnailViewController.swift */ = {isa = PBXFileReference; fileEncoding = 4; lastKnownFileType = sourcecode.swift; path = PDFThumbnailViewController.swift; sourceTree = "<group>"; };
		6A0ED73521AD7B7E003B79D8 /* PDFDocumentLink.swift */ = {isa = PBXFileReference; fileEncoding = 4; lastKnownFileType = sourcecode.swift; path = PDFDocumentLink.swift; sourceTree = "<group>"; };
		6A0ED73621AD7B7E003B79D8 /* CGPDFDocument.swift */ = {isa = PBXFileReference; fileEncoding = 4; lastKnownFileType = sourcecode.swift; path = CGPDFDocument.swift; sourceTree = "<group>"; };
		6A0ED73721AD7B7E003B79D8 /* PDFThumbnailView.swift */ = {isa = PBXFileReference; fileEncoding = 4; lastKnownFileType = sourcecode.swift; path = PDFThumbnailView.swift; sourceTree = "<group>"; };
		6A0ED73821AD7B7E003B79D8 /* PDFSnapshotCache.swift */ = {isa = PBXFileReference; fileEncoding = 4; lastKnownFileType = sourcecode.swift; path = PDFSnapshotCache.swift; sourceTree = "<group>"; };
		6A0ED73921AD7B7E003B79D8 /* PDFPageContentView.swift */ = {isa = PBXFileReference; fileEncoding = 4; lastKnownFileType = sourcecode.swift; path = PDFPageContentView.swift; sourceTree = "<group>"; };
		6A0ED73A21AD7B7E003B79D8 /* PDFThumbnailViewCell.swift */ = {isa = PBXFileReference; fileEncoding = 4; lastKnownFileType = sourcecode.swift; path = PDFThumbnailViewCell.swift; sourceTree = "<group>"; };
		6A0ED73C21AD7B7E003B79D8 /* PDFArray.swift */ = {isa = PBXFileReference; fileEncoding = 4; lastKnownFileType = sourcecode.swift; path = PDFArray.swift; sourceTree = "<group>"; };
		6A0ED73D21AD7B7E003B79D8 /* PDFDictionary.swift */ = {isa = PBXFileReference; fileEncoding = 4; lastKnownFileType = sourcecode.swift; path = PDFDictionary.swift; sourceTree = "<group>"; };
		6A0ED73E21AD7B7E003B79D8 /* PDFFormButtonField.swift */ = {isa = PBXFileReference; fileEncoding = 4; lastKnownFileType = sourcecode.swift; path = PDFFormButtonField.swift; sourceTree = "<group>"; };
		6A0ED73F21AD7B7E003B79D8 /* PDFFormSignatureField.swift */ = {isa = PBXFileReference; fileEncoding = 4; lastKnownFileType = sourcecode.swift; path = PDFFormSignatureField.swift; sourceTree = "<group>"; };
		6A0ED74021AD7B7E003B79D8 /* PDFFormField.swift */ = {isa = PBXFileReference; fileEncoding = 4; lastKnownFileType = sourcecode.swift; path = PDFFormField.swift; sourceTree = "<group>"; };
		6A0ED74121AD7B7E003B79D8 /* PDFToggleButton.swift */ = {isa = PBXFileReference; fileEncoding = 4; lastKnownFileType = sourcecode.swift; path = PDFToggleButton.swift; sourceTree = "<group>"; };
		6A0ED74221AD7B7E003B79D8 /* PDFObjectParser.swift */ = {isa = PBXFileReference; fileEncoding = 4; lastKnownFileType = sourcecode.swift; path = PDFObjectParser.swift; sourceTree = "<group>"; };
		6A0ED74321AD7B7E003B79D8 /* PDFFormTextField.swift */ = {isa = PBXFileReference; fileEncoding = 4; lastKnownFileType = sourcecode.swift; path = PDFFormTextField.swift; sourceTree = "<group>"; };
		6A0ED74421AD7B7E003B79D8 /* PDFFormViewController.swift */ = {isa = PBXFileReference; fileEncoding = 4; lastKnownFileType = sourcecode.swift; path = PDFFormViewController.swift; sourceTree = "<group>"; };
		6A0ED74521AD7B7E003B79D8 /* PDFFormPageView.swift */ = {isa = PBXFileReference; fileEncoding = 4; lastKnownFileType = sourcecode.swift; path = PDFFormPageView.swift; sourceTree = "<group>"; };
		6A0ED74821AD7B7E003B79D8 /* UIColor.swift */ = {isa = PBXFileReference; fileEncoding = 4; lastKnownFileType = sourcecode.swift; path = UIColor.swift; sourceTree = "<group>"; };
		6A0ED74921AD7B7E003B79D8 /* CGPoint.swift */ = {isa = PBXFileReference; fileEncoding = 4; lastKnownFileType = sourcecode.swift; path = CGPoint.swift; sourceTree = "<group>"; };
		6A0ED74A21AD7B7E003B79D8 /* UIImage.swift */ = {isa = PBXFileReference; fileEncoding = 4; lastKnownFileType = sourcecode.swift; path = UIImage.swift; sourceTree = "<group>"; };
		6A0ED74B21AD7B7E003B79D8 /* UIViewController.swift */ = {isa = PBXFileReference; fileEncoding = 4; lastKnownFileType = sourcecode.swift; path = UIViewController.swift; sourceTree = "<group>"; };
		6A0ED74C21AD7B7E003B79D8 /* CGRect.swift */ = {isa = PBXFileReference; fileEncoding = 4; lastKnownFileType = sourcecode.swift; path = CGRect.swift; sourceTree = "<group>"; };
		6A0ED74E21AD7B7E003B79D8 /* PDFAnnotationController.swift */ = {isa = PBXFileReference; fileEncoding = 4; lastKnownFileType = sourcecode.swift; path = PDFAnnotationController.swift; sourceTree = "<group>"; };
		6A0ED74F21AD7B7E003B79D8 /* PDFAnnotationStore.swift */ = {isa = PBXFileReference; fileEncoding = 4; lastKnownFileType = sourcecode.swift; path = PDFAnnotationStore.swift; sourceTree = "<group>"; };
		6A0ED75021AD7B7E003B79D8 /* PDFAnnotation.swift */ = {isa = PBXFileReference; fileEncoding = 4; lastKnownFileType = sourcecode.swift; path = PDFAnnotation.swift; sourceTree = "<group>"; };
		6A0ED75121AD7B7E003B79D8 /* PDFPathAnnotation.swift */ = {isa = PBXFileReference; fileEncoding = 4; lastKnownFileType = sourcecode.swift; path = PDFPathAnnotation.swift; sourceTree = "<group>"; };
		6A0ED75221AD7B7E003B79D8 /* PDFTextAnnotation.swift */ = {isa = PBXFileReference; fileEncoding = 4; lastKnownFileType = sourcecode.swift; path = PDFTextAnnotation.swift; sourceTree = "<group>"; };
		6A0ED75421AD7B7E003B79D8 /* ReaderPageTiledView.swift */ = {isa = PBXFileReference; fileEncoding = 4; lastKnownFileType = sourcecode.swift; path = ReaderPageTiledView.swift; sourceTree = "<group>"; };
		6A0ED75521AD7B7E003B79D8 /* ReaderTiledLayer.swift */ = {isa = PBXFileReference; fileEncoding = 4; lastKnownFileType = sourcecode.swift; path = ReaderTiledLayer.swift; sourceTree = "<group>"; };
		6A0ED75721AD7B7E003B79D8 /* PDFActionGoTo.swift */ = {isa = PBXFileReference; fileEncoding = 4; lastKnownFileType = sourcecode.swift; path = PDFActionGoTo.swift; sourceTree = "<group>"; };
		6A0ED75821AD7B7E003B79D8 /* PDFAction.swift */ = {isa = PBXFileReference; fileEncoding = 4; lastKnownFileType = sourcecode.swift; path = PDFAction.swift; sourceTree = "<group>"; };
		6A0ED75921AD7B7E003B79D8 /* PDFActionURL.swift */ = {isa = PBXFileReference; fileEncoding = 4; lastKnownFileType = sourcecode.swift; path = PDFActionURL.swift; sourceTree = "<group>"; };
		6A0ED75B21AD7B7E003B79D8 /* ResizeableView.swift */ = {isa = PBXFileReference; fileEncoding = 4; lastKnownFileType = sourcecode.swift; path = ResizeableView.swift; sourceTree = "<group>"; };
		6A0ED75C21AD7B7E003B79D8 /* PDFBarButton.swift */ = {isa = PBXFileReference; fileEncoding = 4; lastKnownFileType = sourcecode.swift; path = PDFBarButton.swift; sourceTree = "<group>"; };
		6A0ED75E21AD7B7E003B79D8 /* PDFTextParser.swift */ = {isa = PBXFileReference; fileEncoding = 4; lastKnownFileType = sourcecode.swift; path = PDFTextParser.swift; sourceTree = "<group>"; };
		6A0ED76121AD7B7E003B79D8 /* Images.xcassets */ = {isa = PBXFileReference; lastKnownFileType = folder.assetcatalog; path = Images.xcassets; sourceTree = "<group>"; };
		6A139CD921A7AEB3002D002A /* Systems Engineering - EAA - Patterns of Enterprise Application Architecture - Addison Wesley.pdf */ = {isa = PBXFileReference; lastKnownFileType = image.pdf; path = "Systems Engineering - EAA - Patterns of Enterprise Application Architecture - Addison Wesley.pdf"; sourceTree = "<group>"; };
		6A20CF4621B11DD200AF5F10 /* testA.pdf */ = {isa = PBXFileReference; lastKnownFileType = image.pdf; path = testA.pdf; sourceTree = "<group>"; };
		6A20CF4821B134C800AF5F10 /* AcrobatReaderWelcome.pdf */ = {isa = PBXFileReference; lastKnownFileType = image.pdf; path = AcrobatReaderWelcome.pdf; sourceTree = "<group>"; };
		6A43292521900D47003C1A09 /* xmidnCompare-protected.pdf */ = {isa = PBXFileReference; lastKnownFileType = image.pdf; path = "xmidnCompare-protected.pdf"; sourceTree = "<group>"; };
		6A8F85FA21A5305500A1C51E /* Reader.pdf */ = {isa = PBXFileReference; lastKnownFileType = image.pdf; path = Reader.pdf; sourceTree = "<group>"; };
		6A91CF8C21AFBAC7002E2B94 /* ReaderDocumentOutline.swift */ = {isa = PBXFileReference; lastKnownFileType = sourcecode.swift; path = ReaderDocumentOutline.swift; sourceTree = "<group>"; };
		6A91CF9021AFC047002E2B94 /* ReaderDocumentOutlineItem.swift */ = {isa = PBXFileReference; lastKnownFileType = sourcecode.swift; path = ReaderDocumentOutlineItem.swift; sourceTree = "<group>"; };
		6A966A3021B5264E00B2753A /* ReaderPDFAnnotationViewController.swift */ = {isa = PBXFileReference; lastKnownFileType = sourcecode.swift; path = ReaderPDFAnnotationViewController.swift; sourceTree = "<group>"; };
		6AA3F7BC21AE30E500E63E8A /* ReaderWatermark.swift */ = {isa = PBXFileReference; lastKnownFileType = sourcecode.swift; path = ReaderWatermark.swift; sourceTree = "<group>"; };
		6AA3F7C521AE8D1500E63E8A /* LogManager.swift */ = {isa = PBXFileReference; fileEncoding = 4; lastKnownFileType = sourcecode.swift; path = LogManager.swift; sourceTree = "<group>"; };
		6AF8DD5E21B00C5100EDCC38 /* StringExtensions.swift */ = {isa = PBXFileReference; lastKnownFileType = sourcecode.swift; path = StringExtensions.swift; sourceTree = "<group>"; };
		6AF8DD6E21B01C8500EDCC38 /* UXMPDFKit_Example-Bridging-Header.h */ = {isa = PBXFileReference; fileEncoding = 4; lastKnownFileType = sourcecode.c.h; path = "UXMPDFKit_Example-Bridging-Header.h"; sourceTree = "<group>"; };
		6AF8DD6F21B0E11900EDCC38 /* pdf_reference_1-7.pdf */ = {isa = PBXFileReference; lastKnownFileType = image.pdf; path = "pdf_reference_1-7.pdf"; sourceTree = "<group>"; };
		6AFC63EF21B4E1B000F60E3D /* ReaderPDFAnnotation.swift */ = {isa = PBXFileReference; lastKnownFileType = sourcecode.swift; path = ReaderPDFAnnotation.swift; sourceTree = "<group>"; };
		6AFC63F121B4E34000F60E3D /* ReaderPDFBorder.swift */ = {isa = PBXFileReference; lastKnownFileType = sourcecode.swift; path = ReaderPDFBorder.swift; sourceTree = "<group>"; };
		6AFC63F321B4E38C00F60E3D /* ReaderPDFAction.swift */ = {isa = PBXFileReference; lastKnownFileType = sourcecode.swift; path = ReaderPDFAction.swift; sourceTree = "<group>"; };
		8406D3B8437F56C4C69AC1EF /* Pods-UXMPDFKit_Example.release.xcconfig */ = {isa = PBXFileReference; includeInIndex = 1; lastKnownFileType = text.xcconfig; name = "Pods-UXMPDFKit_Example.release.xcconfig"; path = "Target Support Files/Pods-UXMPDFKit_Example/Pods-UXMPDFKit_Example.release.xcconfig"; sourceTree = "<group>"; };
		BBBB720EDBA88EF809DA6096 /* Pods-UXMPDFKit_Example.debug.xcconfig */ = {isa = PBXFileReference; includeInIndex = 1; lastKnownFileType = text.xcconfig; name = "Pods-UXMPDFKit_Example.debug.xcconfig"; path = "Target Support Files/Pods-UXMPDFKit_Example/Pods-UXMPDFKit_Example.debug.xcconfig"; sourceTree = "<group>"; };
/* End PBXFileReference section */

/* Begin PBXFrameworksBuildPhase section */
		607FACCD1AFB9204008FA782 /* Frameworks */ = {
			isa = PBXFrameworksBuildPhase;
			buildActionMask = 2147483647;
			files = (
				BB855359DE8AC1D5D8FF299B /* Pods_UXMPDFKit_Example.framework in Frameworks */,
			);
			runOnlyForDeploymentPostprocessing = 0;
		};
/* End PBXFrameworksBuildPhase section */

/* Begin PBXGroup section */
		607FACC71AFB9204008FA782 = {
			isa = PBXGroup;
			children = (
				607FACD21AFB9204008FA782 /* Example for UXMPDFKit */,
				607FACD11AFB9204008FA782 /* Products */,
				82504598376124BAE4F961C0 /* Frameworks */,
				DED3440805ACBC36671C00A7 /* Pods */,
			);
			sourceTree = "<group>";
		};
		607FACD11AFB9204008FA782 /* Products */ = {
			isa = PBXGroup;
			children = (
				607FACD01AFB9204008FA782 /* UXMPDFKit_Example.app */,
			);
			name = Products;
			sourceTree = "<group>";
		};
		607FACD21AFB9204008FA782 /* Example for UXMPDFKit */ = {
			isa = PBXGroup;
			children = (
				6AA3F7C921AE8D7A00E63E8A /* Launch */,
				6AA3F7C721AE8D4400E63E8A /* Resources */,
				6AA3F7BE21AE8C5000E63E8A /* Tools */,
				6A0ED72721AD7B7E003B79D8 /* UXMPDFKit */,
				607FACD31AFB9204008FA782 /* Supporting Files */,
			);
			name = "Example for UXMPDFKit";
			path = UXMPDFKit;
			sourceTree = "<group>";
		};
		607FACD31AFB9204008FA782 /* Supporting Files */ = {
			isa = PBXGroup;
			children = (
				607FACD41AFB9204008FA782 /* Info.plist */,
			);
			name = "Supporting Files";
			sourceTree = "<group>";
		};
		6A0ED72721AD7B7E003B79D8 /* UXMPDFKit */ = {
			isa = PBXGroup;
			children = (
				6A0ED72821AD7B7E003B79D8 /* Classes */,
				6A0ED75F21AD7B7E003B79D8 /* Assets */,
			);
			name = UXMPDFKit;
			path = ../../UXMPDFKit;
			sourceTree = "<group>";
		};
		6A0ED72821AD7B7E003B79D8 /* Classes */ = {
			isa = PBXGroup;
			children = (
				6A0ED72921AD7B7E003B79D8 /* Renderer */,
				6A0ED73B21AD7B7E003B79D8 /* Form */,
				6A0ED74721AD7B7E003B79D8 /* Extensions */,
				6A0ED74D21AD7B7E003B79D8 /* Annotations */,
				6A0ED75321AD7B7E003B79D8 /* Watermark */,
				6A91CF8B21AFBA8E002E2B94 /* Outlines */,
				6A0ED75621AD7B7E003B79D8 /* Model */,
				6A0ED75A21AD7B7E003B79D8 /* View */,
				6A0ED75D21AD7B7E003B79D8 /* TextParser */,
			);
			path = Classes;
			sourceTree = "<group>";
		};
		6A0ED72921AD7B7E003B79D8 /* Renderer */ = {
			isa = PBXGroup;
			children = (
				6A0ED72A21AD7B7E003B79D8 /* PDFViewController.swift */,
				6A0ED72B21AD7B7E003B79D8 /* PDFRenderer.swift */,
				6A0ED72C21AD7B7E003B79D8 /* PDFSinglePageViewer.swift */,
				6A0ED72D21AD7B7E003B79D8 /* PDFPageTileLayer.swift */,
				6A0ED72E21AD7B7E003B79D8 /* PDFSinglePageCell.swift */,
				6A0ED72F21AD7B7E003B79D8 /* PDFPageScrubberThumb.swift */,
				6A0ED73021AD7B7E003B79D8 /* PDFDocument.swift */,
				6A0ED73121AD7B7E003B79D8 /* PDFPageContent.swift */,
				6A0ED73221AD7B7E003B79D8 /* PDFPageScrubber.swift */,
				6A0ED73321AD7B7E003B79D8 /* PDFPageScrubberTrackControl.swift */,
				6A0ED73421AD7B7E003B79D8 /* PDFThumbnailViewController.swift */,
				6A0ED73521AD7B7E003B79D8 /* PDFDocumentLink.swift */,
				6A0ED73621AD7B7E003B79D8 /* CGPDFDocument.swift */,
				6A0ED73721AD7B7E003B79D8 /* PDFThumbnailView.swift */,
				6A0ED73821AD7B7E003B79D8 /* PDFSnapshotCache.swift */,
				6A0ED73921AD7B7E003B79D8 /* PDFPageContentView.swift */,
				6A0ED73A21AD7B7E003B79D8 /* PDFThumbnailViewCell.swift */,
			);
			path = Renderer;
			sourceTree = "<group>";
		};
		6A0ED73B21AD7B7E003B79D8 /* Form */ = {
			isa = PBXGroup;
			children = (
				6A0ED73C21AD7B7E003B79D8 /* PDFArray.swift */,
				6A0ED73D21AD7B7E003B79D8 /* PDFDictionary.swift */,
				6A0ED73E21AD7B7E003B79D8 /* PDFFormButtonField.swift */,
				6A0ED73F21AD7B7E003B79D8 /* PDFFormSignatureField.swift */,
				6A0ED74021AD7B7E003B79D8 /* PDFFormField.swift */,
				6A0ED74121AD7B7E003B79D8 /* PDFToggleButton.swift */,
				6A0ED74221AD7B7E003B79D8 /* PDFObjectParser.swift */,
				6A0ED74321AD7B7E003B79D8 /* PDFFormTextField.swift */,
				6A0ED74421AD7B7E003B79D8 /* PDFFormViewController.swift */,
				6A0ED74521AD7B7E003B79D8 /* PDFFormPageView.swift */,
			);
			path = Form;
			sourceTree = "<group>";
		};
		6A0ED74721AD7B7E003B79D8 /* Extensions */ = {
			isa = PBXGroup;
			children = (
				6A0ED74821AD7B7E003B79D8 /* UIColor.swift */,
				6A0ED74921AD7B7E003B79D8 /* CGPoint.swift */,
				6A0ED74A21AD7B7E003B79D8 /* UIImage.swift */,
				6A0ED74B21AD7B7E003B79D8 /* UIViewController.swift */,
				6A0ED74C21AD7B7E003B79D8 /* CGRect.swift */,
				6AF8DD5E21B00C5100EDCC38 /* StringExtensions.swift */,
			);
			path = Extensions;
			sourceTree = "<group>";
		};
		6A0ED74D21AD7B7E003B79D8 /* Annotations */ = {
			isa = PBXGroup;
			children = (
				6AFC63EE21B4E17A00F60E3D /* Se7en */,
				6A0ED74E21AD7B7E003B79D8 /* PDFAnnotationController.swift */,
				6A0ED74F21AD7B7E003B79D8 /* PDFAnnotationStore.swift */,
				6A0ED75021AD7B7E003B79D8 /* PDFAnnotation.swift */,
				6A0ED75121AD7B7E003B79D8 /* PDFPathAnnotation.swift */,
				6A0ED75221AD7B7E003B79D8 /* PDFTextAnnotation.swift */,
			);
			path = Annotations;
			sourceTree = "<group>";
		};
		6A0ED75321AD7B7E003B79D8 /* Watermark */ = {
			isa = PBXGroup;
			children = (
				6A0ED75421AD7B7E003B79D8 /* ReaderPageTiledView.swift */,
				6A0ED75521AD7B7E003B79D8 /* ReaderTiledLayer.swift */,
				6AA3F7BC21AE30E500E63E8A /* ReaderWatermark.swift */,
			);
			path = Watermark;
			sourceTree = "<group>";
		};
		6A0ED75621AD7B7E003B79D8 /* Model */ = {
			isa = PBXGroup;
			children = (
				6A0ED75721AD7B7E003B79D8 /* PDFActionGoTo.swift */,
				6A0ED75821AD7B7E003B79D8 /* PDFAction.swift */,
				6A0ED75921AD7B7E003B79D8 /* PDFActionURL.swift */,
			);
			path = Model;
			sourceTree = "<group>";
		};
		6A0ED75A21AD7B7E003B79D8 /* View */ = {
			isa = PBXGroup;
			children = (
				6A0ED75B21AD7B7E003B79D8 /* ResizeableView.swift */,
				6A0ED75C21AD7B7E003B79D8 /* PDFBarButton.swift */,
			);
			path = View;
			sourceTree = "<group>";
		};
		6A0ED75D21AD7B7E003B79D8 /* TextParser */ = {
			isa = PBXGroup;
			children = (
				6A0ED75E21AD7B7E003B79D8 /* PDFTextParser.swift */,
			);
			path = TextParser;
			sourceTree = "<group>";
		};
		6A0ED75F21AD7B7E003B79D8 /* Assets */ = {
			isa = PBXGroup;
			children = (
				6A0ED76121AD7B7E003B79D8 /* Images.xcassets */,
			);
			path = Assets;
			sourceTree = "<group>";
		};
		6A91CF8B21AFBA8E002E2B94 /* Outlines */ = {
			isa = PBXGroup;
			children = (
				6AF8DD6E21B01C8500EDCC38 /* UXMPDFKit_Example-Bridging-Header.h */,
				6A91CF8C21AFBAC7002E2B94 /* ReaderDocumentOutline.swift */,
				6A91CF9021AFC047002E2B94 /* ReaderDocumentOutlineItem.swift */,
			);
			path = Outlines;
			sourceTree = "<group>";
		};
		6A966A3221B5284200B2753A /* Models */ = {
			isa = PBXGroup;
			children = (
				6AFC63EF21B4E1B000F60E3D /* ReaderPDFAnnotation.swift */,
				6AFC63F121B4E34000F60E3D /* ReaderPDFBorder.swift */,
				6AFC63F321B4E38C00F60E3D /* ReaderPDFAction.swift */,
			);
			path = Models;
			sourceTree = "<group>";
		};
		6A966A3321B5285D00B2753A /* Views */ = {
			isa = PBXGroup;
			children = (
			);
			path = Views;
			sourceTree = "<group>";
		};
		6A966A3421B5286200B2753A /* ViewControllers */ = {
			isa = PBXGroup;
			children = (
				6A966A3021B5264E00B2753A /* ReaderPDFAnnotationViewController.swift */,
			);
			path = ViewControllers;
			sourceTree = "<group>";
		};
		6A966A3521B5286F00B2753A /* ViewModels */ = {
			isa = PBXGroup;
			children = (
			);
			path = ViewModels;
			sourceTree = "<group>";
		};
		6AA3F7BE21AE8C5000E63E8A /* Tools */ = {
			isa = PBXGroup;
			children = (
				6AA3F7C521AE8D1500E63E8A /* LogManager.swift */,
			);
			path = Tools;
			sourceTree = "<group>";
		};
		6AA3F7C721AE8D4400E63E8A /* Resources */ = {
			isa = PBXGroup;
			children = (
				607FACDC1AFB9204008FA782 /* Images.xcassets */,
				6AA3F7C821AE8D6300E63E8A /* PDFs */,
			);
			path = Resources;
			sourceTree = "<group>";
		};
		6AA3F7C821AE8D6300E63E8A /* PDFs */ = {
			isa = PBXGroup;
			children = (
				6A20CF4821B134C800AF5F10 /* AcrobatReaderWelcome.pdf */,
				6A20CF4621B11DD200AF5F10 /* testA.pdf */,
				6AF8DD6F21B0E11900EDCC38 /* pdf_reference_1-7.pdf */,
				6A139CD921A7AEB3002D002A /* Systems Engineering - EAA - Patterns of Enterprise Application Architecture - Addison Wesley.pdf */,
				6A8F85FA21A5305500A1C51E /* Reader.pdf */,
				6A43292521900D47003C1A09 /* xmidnCompare-protected.pdf */,
				614D2EE21C8C8A9A00A856CD /* sample.pdf */,
				616B61051CF7395100B743A7 /* sample2.pdf */,
				61CBF9401D86EB7F00282554 /* sample3.pdf */,
			);
			path = PDFs;
			sourceTree = "<group>";
		};
		6AA3F7C921AE8D7A00E63E8A /* Launch */ = {
			isa = PBXGroup;
			children = (
				607FACD51AFB9204008FA782 /* AppDelegate.swift */,
				607FACD71AFB9204008FA782 /* ViewController.swift */,
				61D3B3761CDE9C1600E7C3A6 /* ExampleViewController.swift */,
				607FACD91AFB9204008FA782 /* Main.storyboard */,
				607FACDE1AFB9204008FA782 /* LaunchScreen.xib */,
			);
			path = Launch;
			sourceTree = "<group>";
		};
		6AFC63EE21B4E17A00F60E3D /* Se7en */ = {
			isa = PBXGroup;
			children = (
				6A966A3521B5286F00B2753A /* ViewModels */,
				6A966A3421B5286200B2753A /* ViewControllers */,
				6A966A3321B5285D00B2753A /* Views */,
				6A966A3221B5284200B2753A /* Models */,
			);
			path = Se7en;
			sourceTree = "<group>";
		};
		82504598376124BAE4F961C0 /* Frameworks */ = {
			isa = PBXGroup;
			children = (
				61104B3ED29162AD95CD13DC /* Pods_UXMPDFKit_Example.framework */,
			);
			name = Frameworks;
			sourceTree = "<group>";
		};
		DED3440805ACBC36671C00A7 /* Pods */ = {
			isa = PBXGroup;
			children = (
				BBBB720EDBA88EF809DA6096 /* Pods-UXMPDFKit_Example.debug.xcconfig */,
				8406D3B8437F56C4C69AC1EF /* Pods-UXMPDFKit_Example.release.xcconfig */,
			);
			path = Pods;
			sourceTree = "<group>";
		};
/* End PBXGroup section */

/* Begin PBXNativeTarget section */
		607FACCF1AFB9204008FA782 /* UXMPDFKit_Example */ = {
			isa = PBXNativeTarget;
			buildConfigurationList = 607FACEF1AFB9204008FA782 /* Build configuration list for PBXNativeTarget "UXMPDFKit_Example" */;
			buildPhases = (
				BC6E90E2914386B9B24DE47E /* [CP] Check Pods Manifest.lock */,
				607FACCC1AFB9204008FA782 /* Sources */,
				607FACCD1AFB9204008FA782 /* Frameworks */,
				607FACCE1AFB9204008FA782 /* Resources */,
				44D71F3274082CDEE60E344A /* [CP] Embed Pods Frameworks */,
			);
			buildRules = (
			);
			dependencies = (
			);
			name = UXMPDFKit_Example;
			productName = UXMPDFKit;
			productReference = 607FACD01AFB9204008FA782 /* UXMPDFKit_Example.app */;
			productType = "com.apple.product-type.application";
		};
/* End PBXNativeTarget section */

/* Begin PBXProject section */
		607FACC81AFB9204008FA782 /* Project object */ = {
			isa = PBXProject;
			attributes = {
				LastSwiftUpdateCheck = 0720;
				LastUpgradeCheck = 1010;
				ORGANIZATIONNAME = CocoaPods;
				TargetAttributes = {
					607FACCF1AFB9204008FA782 = {
						CreatedOnToolsVersion = 6.3.1;
						DevelopmentTeam = 75J4834735;
						LastSwiftMigration = 1010;
					};
				};
			};
			buildConfigurationList = 607FACCB1AFB9204008FA782 /* Build configuration list for PBXProject "UXMPDFKit" */;
			compatibilityVersion = "Xcode 6.3";
			developmentRegion = English;
			hasScannedForEncodings = 0;
			knownRegions = (
				en,
				Base,
			);
			mainGroup = 607FACC71AFB9204008FA782;
			productRefGroup = 607FACD11AFB9204008FA782 /* Products */;
			projectDirPath = "";
			projectRoot = "";
			targets = (
				607FACCF1AFB9204008FA782 /* UXMPDFKit_Example */,
			);
		};
/* End PBXProject section */

/* Begin PBXResourcesBuildPhase section */
		607FACCE1AFB9204008FA782 /* Resources */ = {
			isa = PBXResourcesBuildPhase;
			buildActionMask = 2147483647;
			files = (
				6A43292621900D47003C1A09 /* xmidnCompare-protected.pdf in Resources */,
				607FACDB1AFB9204008FA782 /* Main.storyboard in Resources */,
				6A20CF4721B11DD200AF5F10 /* testA.pdf in Resources */,
				607FACE01AFB9204008FA782 /* LaunchScreen.xib in Resources */,
				607FACDD1AFB9204008FA782 /* Images.xcassets in Resources */,
				6A8F85FB21A5305500A1C51E /* Reader.pdf in Resources */,
				61CBF9411D86EB7F00282554 /* sample3.pdf in Resources */,
				616B61061CF7395100B743A7 /* sample2.pdf in Resources */,
				6AF8DD7021B0E11900EDCC38 /* pdf_reference_1-7.pdf in Resources */,
				6A20CF4921B134C800AF5F10 /* AcrobatReaderWelcome.pdf in Resources */,
				6A0ED79121AD7B7F003B79D8 /* Images.xcassets in Resources */,
				6A139CDA21A7AEB3002D002A /* Systems Engineering - EAA - Patterns of Enterprise Application Architecture - Addison Wesley.pdf in Resources */,
				614D2EE31C8C8A9A00A856CD /* sample.pdf in Resources */,
			);
			runOnlyForDeploymentPostprocessing = 0;
		};
/* End PBXResourcesBuildPhase section */

/* Begin PBXShellScriptBuildPhase section */
		44D71F3274082CDEE60E344A /* [CP] Embed Pods Frameworks */ = {
			isa = PBXShellScriptBuildPhase;
			buildActionMask = 2147483647;
			files = (
			);
			inputFileListPaths = (
			);
			inputPaths = (
				"${PODS_ROOT}/Target Support Files/Pods-UXMPDFKit_Example/Pods-UXMPDFKit_Example-frameworks.sh",
				"${BUILT_PRODUCTS_DIR}/SwiftyBeaver/SwiftyBeaver.framework",
			);
			name = "[CP] Embed Pods Frameworks";
			outputFileListPaths = (
			);
			outputPaths = (
				"${TARGET_BUILD_DIR}/${FRAMEWORKS_FOLDER_PATH}/SwiftyBeaver.framework",
			);
			runOnlyForDeploymentPostprocessing = 0;
			shellPath = /bin/sh;
			shellScript = "\"${PODS_ROOT}/Target Support Files/Pods-UXMPDFKit_Example/Pods-UXMPDFKit_Example-frameworks.sh\"\n";
			showEnvVarsInLog = 0;
		};
		BC6E90E2914386B9B24DE47E /* [CP] Check Pods Manifest.lock */ = {
			isa = PBXShellScriptBuildPhase;
			buildActionMask = 2147483647;
			files = (
			);
			inputFileListPaths = (
			);
			inputPaths = (
				"${PODS_PODFILE_DIR_PATH}/Podfile.lock",
				"${PODS_ROOT}/Manifest.lock",
			);
			name = "[CP] Check Pods Manifest.lock";
			outputFileListPaths = (
			);
			outputPaths = (
				"$(DERIVED_FILE_DIR)/Pods-UXMPDFKit_Example-checkManifestLockResult.txt",
			);
			runOnlyForDeploymentPostprocessing = 0;
			shellPath = /bin/sh;
			shellScript = "diff \"${PODS_PODFILE_DIR_PATH}/Podfile.lock\" \"${PODS_ROOT}/Manifest.lock\" > /dev/null\nif [ $? != 0 ] ; then\n    # print error to STDERR\n    echo \"error: The sandbox is not in sync with the Podfile.lock. Run 'pod install' or update your CocoaPods installation.\" >&2\n    exit 1\nfi\n# This output is used by Xcode 'outputs' to avoid re-running this script phase.\necho \"SUCCESS\" > \"${SCRIPT_OUTPUT_FILE_0}\"\n";
			showEnvVarsInLog = 0;
		};
/* End PBXShellScriptBuildPhase section */

/* Begin PBXSourcesBuildPhase section */
		607FACCC1AFB9204008FA782 /* Sources */ = {
			isa = PBXSourcesBuildPhase;
			buildActionMask = 2147483647;
			files = (
				607FACD81AFB9204008FA782 /* ViewController.swift in Sources */,
				6A0ED76E21AD7B7F003B79D8 /* CGPDFDocument.swift in Sources */,
				6AFC63F221B4E34000F60E3D /* ReaderPDFBorder.swift in Sources */,
				6A0ED76421AD7B7F003B79D8 /* PDFSinglePageViewer.swift in Sources */,
				6A0ED76921AD7B7F003B79D8 /* PDFPageContent.swift in Sources */,
				6A0ED78C21AD7B7F003B79D8 /* PDFActionURL.swift in Sources */,
				6A0ED77821AD7B7F003B79D8 /* PDFToggleButton.swift in Sources */,
				6AA3F7C621AE8D1500E63E8A /* LogManager.swift in Sources */,
				6A0ED78D21AD7B7F003B79D8 /* ResizeableView.swift in Sources */,
				6A0ED76721AD7B7F003B79D8 /* PDFPageScrubberThumb.swift in Sources */,
				6A0ED76821AD7B7F003B79D8 /* PDFDocument.swift in Sources */,
				6A0ED77921AD7B7F003B79D8 /* PDFObjectParser.swift in Sources */,
				6A0ED78121AD7B7F003B79D8 /* UIViewController.swift in Sources */,
				6A0ED76D21AD7B7F003B79D8 /* PDFDocumentLink.swift in Sources */,
				6A0ED77521AD7B7F003B79D8 /* PDFFormButtonField.swift in Sources */,
				6A0ED77B21AD7B7F003B79D8 /* PDFFormViewController.swift in Sources */,
				6A0ED78721AD7B7F003B79D8 /* PDFTextAnnotation.swift in Sources */,
				6A0ED77721AD7B7F003B79D8 /* PDFFormField.swift in Sources */,
				6A0ED78021AD7B7F003B79D8 /* UIImage.swift in Sources */,
				607FACD61AFB9204008FA782 /* AppDelegate.swift in Sources */,
				6A0ED76621AD7B7F003B79D8 /* PDFSinglePageCell.swift in Sources */,
				6AFC63F021B4E1B000F60E3D /* ReaderPDFAnnotation.swift in Sources */,
				6A0ED78A21AD7B7F003B79D8 /* PDFActionGoTo.swift in Sources */,
				6A0ED77021AD7B7F003B79D8 /* PDFSnapshotCache.swift in Sources */,
				6A0ED78521AD7B7F003B79D8 /* PDFAnnotation.swift in Sources */,
				6A0ED78321AD7B7F003B79D8 /* PDFAnnotationController.swift in Sources */,
				6A0ED76A21AD7B7F003B79D8 /* PDFPageScrubber.swift in Sources */,
				6A0ED76F21AD7B7F003B79D8 /* PDFThumbnailView.swift in Sources */,
				6A0ED77A21AD7B7F003B79D8 /* PDFFormTextField.swift in Sources */,
				6A0ED78F21AD7B7F003B79D8 /* PDFTextParser.swift in Sources */,
				6A0ED77C21AD7B7F003B79D8 /* PDFFormPageView.swift in Sources */,
				6A0ED76C21AD7B7F003B79D8 /* PDFThumbnailViewController.swift in Sources */,
				6A0ED78921AD7B7F003B79D8 /* ReaderTiledLayer.swift in Sources */,
				6A0ED76B21AD7B7F003B79D8 /* PDFPageScrubberTrackControl.swift in Sources */,
				6A0ED77E21AD7B7F003B79D8 /* UIColor.swift in Sources */,
				6A0ED78421AD7B7F003B79D8 /* PDFAnnotationStore.swift in Sources */,
				6A0ED78B21AD7B7F003B79D8 /* PDFAction.swift in Sources */,
				6A0ED76521AD7B7F003B79D8 /* PDFPageTileLayer.swift in Sources */,
				6A0ED77321AD7B7F003B79D8 /* PDFArray.swift in Sources */,
				6A0ED76321AD7B7F003B79D8 /* PDFRenderer.swift in Sources */,
				6A0ED78221AD7B7F003B79D8 /* CGRect.swift in Sources */,
				6A0ED78621AD7B7F003B79D8 /* PDFPathAnnotation.swift in Sources */,
				6AA3F7BD21AE30E500E63E8A /* ReaderWatermark.swift in Sources */,
				6AFC63F421B4E38C00F60E3D /* ReaderPDFAction.swift in Sources */,
				6AF8DD5F21B00C5100EDCC38 /* StringExtensions.swift in Sources */,
				6A0ED78E21AD7B7F003B79D8 /* PDFBarButton.swift in Sources */,
				6A0ED77621AD7B7F003B79D8 /* PDFFormSignatureField.swift in Sources */,
				6A0ED78821AD7B7F003B79D8 /* ReaderPageTiledView.swift in Sources */,
				6A966A3121B5264E00B2753A /* ReaderPDFAnnotationViewController.swift in Sources */,
				6A0ED77121AD7B7F003B79D8 /* PDFPageContentView.swift in Sources */,
				61D3B3771CDE9C1600E7C3A6 /* ExampleViewController.swift in Sources */,
				6A0ED77F21AD7B7F003B79D8 /* CGPoint.swift in Sources */,
				6A91CF9121AFC047002E2B94 /* ReaderDocumentOutlineItem.swift in Sources */,
				6A91CF8D21AFBAC7002E2B94 /* ReaderDocumentOutline.swift in Sources */,
				6A0ED77221AD7B7F003B79D8 /* PDFThumbnailViewCell.swift in Sources */,
				6A0ED77421AD7B7F003B79D8 /* PDFDictionary.swift in Sources */,
				6A0ED76221AD7B7F003B79D8 /* PDFViewController.swift in Sources */,
			);
			runOnlyForDeploymentPostprocessing = 0;
		};
/* End PBXSourcesBuildPhase section */

/* Begin PBXVariantGroup section */
		607FACD91AFB9204008FA782 /* Main.storyboard */ = {
			isa = PBXVariantGroup;
			children = (
				607FACDA1AFB9204008FA782 /* Base */,
			);
			name = Main.storyboard;
			sourceTree = "<group>";
		};
		607FACDE1AFB9204008FA782 /* LaunchScreen.xib */ = {
			isa = PBXVariantGroup;
			children = (
				607FACDF1AFB9204008FA782 /* Base */,
			);
			name = LaunchScreen.xib;
			sourceTree = "<group>";
		};
/* End PBXVariantGroup section */

/* Begin XCBuildConfiguration section */
		607FACED1AFB9204008FA782 /* Debug */ = {
			isa = XCBuildConfiguration;
			buildSettings = {
				ALWAYS_SEARCH_USER_PATHS = NO;
				CLANG_CXX_LANGUAGE_STANDARD = "gnu++0x";
				CLANG_CXX_LIBRARY = "libc++";
				CLANG_ENABLE_MODULES = YES;
				CLANG_ENABLE_OBJC_ARC = YES;
				CLANG_WARN_BLOCK_CAPTURE_AUTORELEASING = YES;
				CLANG_WARN_BOOL_CONVERSION = YES;
				CLANG_WARN_COMMA = YES;
				CLANG_WARN_CONSTANT_CONVERSION = YES;
				CLANG_WARN_DEPRECATED_OBJC_IMPLEMENTATIONS = YES;
				CLANG_WARN_DIRECT_OBJC_ISA_USAGE = YES_ERROR;
				CLANG_WARN_EMPTY_BODY = YES;
				CLANG_WARN_ENUM_CONVERSION = YES;
				CLANG_WARN_INFINITE_RECURSION = YES;
				CLANG_WARN_INT_CONVERSION = YES;
				CLANG_WARN_NON_LITERAL_NULL_CONVERSION = YES;
				CLANG_WARN_OBJC_IMPLICIT_RETAIN_SELF = YES;
				CLANG_WARN_OBJC_LITERAL_CONVERSION = YES;
				CLANG_WARN_OBJC_ROOT_CLASS = YES_ERROR;
				CLANG_WARN_RANGE_LOOP_ANALYSIS = YES;
				CLANG_WARN_STRICT_PROTOTYPES = YES;
				CLANG_WARN_SUSPICIOUS_MOVE = YES;
				CLANG_WARN_UNREACHABLE_CODE = YES;
				CLANG_WARN__DUPLICATE_METHOD_MATCH = YES;
				"CODE_SIGN_IDENTITY[sdk=iphoneos*]" = "iPhone Developer";
				COPY_PHASE_STRIP = NO;
				DEBUG_INFORMATION_FORMAT = "dwarf-with-dsym";
				ENABLE_STRICT_OBJC_MSGSEND = YES;
				ENABLE_TESTABILITY = YES;
				GCC_C_LANGUAGE_STANDARD = gnu99;
				GCC_DYNAMIC_NO_PIC = NO;
				GCC_NO_COMMON_BLOCKS = YES;
				GCC_OPTIMIZATION_LEVEL = 0;
				GCC_PREPROCESSOR_DEFINITIONS = (
					"DEBUG=1",
					"$(inherited)",
				);
				GCC_SYMBOLS_PRIVATE_EXTERN = NO;
				GCC_WARN_64_TO_32_BIT_CONVERSION = YES;
				GCC_WARN_ABOUT_RETURN_TYPE = YES_ERROR;
				GCC_WARN_UNDECLARED_SELECTOR = YES;
				GCC_WARN_UNINITIALIZED_AUTOS = YES_AGGRESSIVE;
				GCC_WARN_UNUSED_FUNCTION = YES;
				GCC_WARN_UNUSED_VARIABLE = YES;
				IPHONEOS_DEPLOYMENT_TARGET = 9.0;
				MTL_ENABLE_DEBUG_INFO = YES;
				ONLY_ACTIVE_ARCH = YES;
				SDKROOT = iphoneos;
				SWIFT_OPTIMIZATION_LEVEL = "-Onone";
				SWIFT_VERSION = 3.0;
			};
			name = Debug;
		};
		607FACEE1AFB9204008FA782 /* Release */ = {
			isa = XCBuildConfiguration;
			buildSettings = {
				ALWAYS_SEARCH_USER_PATHS = NO;
				CLANG_CXX_LANGUAGE_STANDARD = "gnu++0x";
				CLANG_CXX_LIBRARY = "libc++";
				CLANG_ENABLE_MODULES = YES;
				CLANG_ENABLE_OBJC_ARC = YES;
				CLANG_WARN_BLOCK_CAPTURE_AUTORELEASING = YES;
				CLANG_WARN_BOOL_CONVERSION = YES;
				CLANG_WARN_COMMA = YES;
				CLANG_WARN_CONSTANT_CONVERSION = YES;
				CLANG_WARN_DEPRECATED_OBJC_IMPLEMENTATIONS = YES;
				CLANG_WARN_DIRECT_OBJC_ISA_USAGE = YES_ERROR;
				CLANG_WARN_EMPTY_BODY = YES;
				CLANG_WARN_ENUM_CONVERSION = YES;
				CLANG_WARN_INFINITE_RECURSION = YES;
				CLANG_WARN_INT_CONVERSION = YES;
				CLANG_WARN_NON_LITERAL_NULL_CONVERSION = YES;
				CLANG_WARN_OBJC_IMPLICIT_RETAIN_SELF = YES;
				CLANG_WARN_OBJC_LITERAL_CONVERSION = YES;
				CLANG_WARN_OBJC_ROOT_CLASS = YES_ERROR;
				CLANG_WARN_RANGE_LOOP_ANALYSIS = YES;
				CLANG_WARN_STRICT_PROTOTYPES = YES;
				CLANG_WARN_SUSPICIOUS_MOVE = YES;
				CLANG_WARN_UNREACHABLE_CODE = YES;
				CLANG_WARN__DUPLICATE_METHOD_MATCH = YES;
				"CODE_SIGN_IDENTITY[sdk=iphoneos*]" = "iPhone Developer";
				COPY_PHASE_STRIP = NO;
				DEBUG_INFORMATION_FORMAT = "dwarf-with-dsym";
				ENABLE_NS_ASSERTIONS = NO;
				ENABLE_STRICT_OBJC_MSGSEND = YES;
				GCC_C_LANGUAGE_STANDARD = gnu99;
				GCC_NO_COMMON_BLOCKS = YES;
				GCC_WARN_64_TO_32_BIT_CONVERSION = YES;
				GCC_WARN_ABOUT_RETURN_TYPE = YES_ERROR;
				GCC_WARN_UNDECLARED_SELECTOR = YES;
				GCC_WARN_UNINITIALIZED_AUTOS = YES_AGGRESSIVE;
				GCC_WARN_UNUSED_FUNCTION = YES;
				GCC_WARN_UNUSED_VARIABLE = YES;
				IPHONEOS_DEPLOYMENT_TARGET = 9.0;
				MTL_ENABLE_DEBUG_INFO = NO;
				SDKROOT = iphoneos;
				SWIFT_OPTIMIZATION_LEVEL = "-Owholemodule";
				SWIFT_VERSION = 3.0;
				VALIDATE_PRODUCT = YES;
			};
			name = Release;
		};
		607FACF01AFB9204008FA782 /* Debug */ = {
			isa = XCBuildConfiguration;
			baseConfigurationReference = BBBB720EDBA88EF809DA6096 /* Pods-UXMPDFKit_Example.debug.xcconfig */;
			buildSettings = {
				ALWAYS_EMBED_SWIFT_STANDARD_LIBRARIES = YES;
				ASSETCATALOG_COMPILER_APPICON_NAME = AppIcon;
				CLANG_ENABLE_MODULES = YES;
				DEVELOPMENT_TEAM = 75J4834735;
				FRAMEWORK_SEARCH_PATHS = (
					"$(inherited)",
					"$(PROJECT_DIR)/UXMPDFKit",
				);
				INFOPLIST_FILE = UXMPDFKit/Info.plist;
				IPHONEOS_DEPLOYMENT_TARGET = 9.1;
				LD_RUNPATH_SEARCH_PATHS = "$(inherited) @executable_path/Frameworks";
				MODULE_NAME = ExampleApp;
				OTHER_LDFLAGS = "$(inherited)";
				OTHER_SWIFT_FLAGS = "$(inherited) \"-D\" \"COCOAPODS\" -Xfrontend -debug-time-function-bodies";
				PRODUCT_BUNDLE_IDENTIFIER = com.uxmstudio.uxmpdfit;
				PRODUCT_NAME = "$(TARGET_NAME)";
				SWIFT_OBJC_BRIDGING_HEADER = "../UXMPDFKit/Classes/Outlines/UXMPDFKit_Example-Bridging-Header.h";
				SWIFT_OPTIMIZATION_LEVEL = "-Onone";
				SWIFT_VERSION = 4.2;
				TARGETED_DEVICE_FAMILY = "1,2";
			};
			name = Debug;
		};
		607FACF11AFB9204008FA782 /* Release */ = {
			isa = XCBuildConfiguration;
			baseConfigurationReference = 8406D3B8437F56C4C69AC1EF /* Pods-UXMPDFKit_Example.release.xcconfig */;
			buildSettings = {
				ALWAYS_EMBED_SWIFT_STANDARD_LIBRARIES = YES;
				ASSETCATALOG_COMPILER_APPICON_NAME = AppIcon;
				CLANG_ENABLE_MODULES = YES;
				DEVELOPMENT_TEAM = 75J4834735;
				FRAMEWORK_SEARCH_PATHS = (
					"$(inherited)",
					"$(PROJECT_DIR)/UXMPDFKit",
				);
				INFOPLIST_FILE = UXMPDFKit/Info.plist;
				IPHONEOS_DEPLOYMENT_TARGET = 9.1;
				LD_RUNPATH_SEARCH_PATHS = "$(inherited) @executable_path/Frameworks";
				MODULE_NAME = ExampleApp;
				OTHER_LDFLAGS = "$(inherited)";
				OTHER_SWIFT_FLAGS = "$(inherited) \"-D\" \"COCOAPODS\" -Xfrontend -debug-time-function-bodies";
				PRODUCT_BUNDLE_IDENTIFIER = com.uxmstudio.uxmpdfit;
				PRODUCT_NAME = "$(TARGET_NAME)";
				SWIFT_OBJC_BRIDGING_HEADER = "../UXMPDFKit/Classes/Outlines/UXMPDFKit_Example-Bridging-Header.h";
				SWIFT_VERSION = 4.2;
				TARGETED_DEVICE_FAMILY = "1,2";
			};
			name = Release;
		};
/* End XCBuildConfiguration section */

/* Begin XCConfigurationList section */
		607FACCB1AFB9204008FA782 /* Build configuration list for PBXProject "UXMPDFKit" */ = {
			isa = XCConfigurationList;
			buildConfigurations = (
				607FACED1AFB9204008FA782 /* Debug */,
				607FACEE1AFB9204008FA782 /* Release */,
			);
			defaultConfigurationIsVisible = 0;
			defaultConfigurationName = Release;
		};
		607FACEF1AFB9204008FA782 /* Build configuration list for PBXNativeTarget "UXMPDFKit_Example" */ = {
			isa = XCConfigurationList;
			buildConfigurations = (
				607FACF01AFB9204008FA782 /* Debug */,
				607FACF11AFB9204008FA782 /* Release */,
			);
			defaultConfigurationIsVisible = 0;
			defaultConfigurationName = Release;
		};
/* End XCConfigurationList section */
	};
	rootObject = 607FACC81AFB9204008FA782 /* Project object */;
}
